{
    "_meta": {
        "hash": {
            "sha256": "6eb4e45700a75861a76375d8df0c36b231c93ebbcac01562a7ac59d9e5bb2479"
        },
        "pipfile-spec": 6,
        "requires": {
            "python_version": "3.6"
        },
        "sources": [
            {
                "name": "pypi",
                "url": "https://pypi.org/simple",
                "verify_ssl": true
            }
        ]
    },
    "default": {
        "aiofiles": {
            "hashes": [
                "sha256:a1c4fc9b2ff81568c83e21392a82f344ea9d23da906e4f6a52662764545e19d4",
                "sha256:c67a6823b5f23fcab0a2595a289cec7d8c863ffcb4322fb8cd6b90400aedfdbc"
            ],
            "markers": "python_version >= '3.6' and python_version < '4.0'",
            "version": "==0.7.0"
        },
        "aiohttp": {
            "hashes": [
                "sha256:00d198585474299c9c3b4f1d5de1a576cc230d562abc5e4a0e81d71a20a6ca55",
                "sha256:0155af66de8c21b8dba4992aaeeabf55503caefae00067a3b1139f86d0ec50ed",
                "sha256:09654a9eca62d1bd6d64aa44db2498f60a5c1e0ac4750953fdd79d5c88955e10",
                "sha256:199f1d106e2b44b6dacdf6f9245493c7d716b01d0b7fbe1959318ba4dc64d1f5",
                "sha256:296f30dedc9f4b9e7a301e5cc963012264112d78a1d3094cd83ef148fdf33ca1",
                "sha256:368ed312550bd663ce84dc4b032a962fcb3c7cae099dbbd48663afc305e3b939",
                "sha256:40d7ea570b88db017c51392349cf99b7aefaaddd19d2c78368aeb0bddde9d390",
                "sha256:629102a193162e37102c50713e2e31dc9a2fe7ac5e481da83e5bb3c0cee700aa",
                "sha256:6d5ec9b8948c3d957e75ea14d41e9330e1ac3fed24ec53766c780f82805140dc",
                "sha256:87331d1d6810214085a50749160196391a712a13336cd02ce1c3ea3d05bcf8d5",
                "sha256:9a02a04bbe581c8605ac423ba3a74999ec9d8bce7ae37977a3d38680f5780b6d",
                "sha256:9c4c83f4fa1938377da32bc2d59379025ceeee8e24b89f72fcbccd8ca22dc9bf",
                "sha256:9cddaff94c0135ee627213ac6ca6d05724bfe6e7a356e5e09ec57bd3249510f6",
                "sha256:a25237abf327530d9561ef751eef9511ab56fd9431023ca6f4803f1994104d72",
                "sha256:a5cbd7157b0e383738b8e29d6e556fde8726823dae0e348952a61742b21aeb12",
                "sha256:a97a516e02b726e089cffcde2eea0d3258450389bbac48cbe89e0f0b6e7b0366",
                "sha256:acc89b29b5f4e2332d65cd1b7d10c609a75b88ef8925d487a611ca788432dfa4",
                "sha256:b05bd85cc99b06740aad3629c2585bda7b83bd86e080b44ba47faf905fdf1300",
                "sha256:c2bec436a2b5dafe5eaeb297c03711074d46b6eb236d002c13c42f25c4a8ce9d",
                "sha256:cc619d974c8c11fe84527e4b5e1c07238799a8c29ea1c1285149170524ba9303",
                "sha256:d4392defd4648badaa42b3e101080ae3313e8f4787cb517efd3f5b8157eaefd6",
                "sha256:e1c3c582ee11af7f63a34a46f0448fca58e59889396ffdae1f482085061a2889"
            ],
            "version": "==3.5.4"
        },
        "async-timeout": {
            "hashes": [
                "sha256:0c3c816a028d47f659d6ff5c745cb2acf1f966da1fe5c19c77a70282b25f4c5f",
                "sha256:4291ca197d287d274d0b6cb5d6f8f8f82d434ed288f962539ff18cc9012f9ea3"
            ],
            "markers": "python_full_version >= '3.5.3'",
            "version": "==3.0.1"
        },
        "attrs": {
            "hashes": [
                "sha256:149e90d6d8ac20db7a955ad60cf0e6881a3f20d37096140088356da6c716b0b1",
                "sha256:ef6aaac3ca6cd92904cdd0d83f629a15f18053ec84e6432106f7a4d04ae4f5fb"
            ],
            "markers": "python_version >= '2.7' and python_version not in '3.0, 3.1, 3.2, 3.3, 3.4'",
            "version": "==21.2.0"
        },
        "chardet": {
            "hashes": [
                "sha256:84ab92ed1c4d4f16916e05906b6b75a6c0fb5db821cc65e70cbd64a3e2a5eaae",
                "sha256:fc323ffcaeaed0e0a02bf4d117757b98aed530d9ed4531e3e15460124c106691"
            ],
            "version": "==3.0.4"
        },
        "httptools": {
            "hashes": [
                "sha256:04114db99605c9b56ea22a8ec4d7b1485b908128ed4f4a8f6438489c428da794",
                "sha256:074afd8afdeec0fa6786cd4a1676e0c0be23dc9a017a86647efa6b695168104f",
                "sha256:113816f9af7dcfc4aa71ebb5354d77365f666ecf96ac7ff2aa1d24b6bca44165",
                "sha256:1a8f26327023fa1a947d36e60a0582149e182fbbc949c8a65ec8665754dbbe69",
                "sha256:2119fa619a4c53311f594f25c0205d619350fcb32140ec5057f861952e9b2b4f",
                "sha256:21e948034f70e47c8abfa2d5e6f1a5661f87a2cddc7bcc70f61579cc87897c70",
                "sha256:32a10a5903b5bc0eb647d01cd1e95bec3bb614a9bf53f0af1e01360b2debdf81",
                "sha256:3787c1f46e9722ef7f07ea5c76b0103037483d1b12e34a02c53ceca5afa4e09a",
                "sha256:3f82eb106e1474c63dba36a176067e65b48385f4cecddf3616411aa5d1fbdfec",
                "sha256:3f9b4856d46ba1f0c850f4e84b264a9a8b4460acb20e865ec00978ad9fbaa4cf",
                "sha256:4137137de8976511a392e27bfdcf231bd926ac13d375e0414e927b08217d779e",
                "sha256:4687dfc116a9f1eb22a7d797f0dc6f6e17190d406ca4e729634b38aa98044b17",
                "sha256:47dba2345aaa01b87e4981e8756af441349340708d5b60712c98c55a4d28f4af",
                "sha256:5a836bd85ae1fb4304f674808488dae403e136d274aa5bafd0e6ee456f11c371",
                "sha256:6e676bc3bb911b11f3d7e2144b9a53600bf6b9b21e0e4437aa308e1eef094d97",
                "sha256:72ee0e3fb9c6437ab3ae34e9abee67fcee6876f4f58504e3f613dd5882aafdb7",
                "sha256:79717080dc3f8b1eeb7f820b9b81528acbc04be6041f323fdd97550da2062575",
                "sha256:8ac842df4fc3952efa7820b277961ea55e068bbc54cb59a0820400de7ae358d8",
                "sha256:9f475b642c48b1b78584bdd12a5143e2c512485664331eade9c29ef769a17598",
                "sha256:b8ac7dee63af4346e02b1e6d32202e3b5b3706a9928bec6da6d7a5b066217422",
                "sha256:c0ac2e0ce6733c55858932e7d37fcc7b67ba6bb23e9648593c55f663de031b93",
                "sha256:c14576b737d9e6e4f2a86af04918dbe9b62f57ce8102a8695c9a382dbe405c7f",
                "sha256:cdc3975db86c29817e6d13df14e037c931fc893a710fb71097777a4147090068",
                "sha256:eda95634027200f4b2a6d499e7c2e7fa9b8ee57e045dfda26958ea0af27c070b"
            ],
            "markers": "python_version >= '3.5'",
            "version": "==0.3.0"
        },
        "idna": {
            "hashes": [
                "sha256:84d9dd047ffa80596e0f246e2eab0b391788b0503584e8945f2368256d2735ff",
                "sha256:9d643ff0a55b762d5cdb124b8eaa99c66322e2157b69160bc32796e824360e6d"
            ],
            "markers": "python_version >= '3.5'",
            "version": "==3.3"
        },
        "idna-ssl": {
            "hashes": [
                "sha256:a933e3bb13da54383f9e8f35dc4f9cb9eb9b3b78c6b36f311254d6d0d92c6c7c"
            ],
            "markers": "python_version < '3.7'",
            "version": "==1.1.0"
        },
        "multidict": {
            "hashes": [
                "sha256:1ece5a3369835c20ed57adadc663400b5525904e53bae59ec854a5d36b39b21a",
                "sha256:275ca32383bc5d1894b6975bb4ca6a7ff16ab76fa622967625baeebcf8079000",
                "sha256:3750f2205b800aac4bb03b5ae48025a64e474d2c6cc79547988ba1d4122a09e2",
                "sha256:4538273208e7294b2659b1602490f4ed3ab1c8cf9dbdd817e0e9db8e64be2507",
                "sha256:5141c13374e6b25fe6bf092052ab55c0c03d21bd66c94a0e3ae371d3e4d865a5",
                "sha256:51a4d210404ac61d32dada00a50ea7ba412e6ea945bbe992e4d7a595276d2ec7",
                "sha256:5cf311a0f5ef80fe73e4f4c0f0998ec08f954a6ec72b746f3c179e37de1d210d",
                "sha256:6513728873f4326999429a8b00fc7ceddb2509b01d5fd3f3be7881a257b8d463",
                "sha256:7388d2ef3c55a8ba80da62ecfafa06a1c097c18032a501ffd4cabbc52d7f2b19",
                "sha256:9456e90649005ad40558f4cf51dbb842e32807df75146c6d940b6f5abb4a78f3",
                "sha256:c026fe9a05130e44157b98fea3ab12969e5b60691a276150db9eda71710cd10b",
                "sha256:d14842362ed4cf63751648e7672f7174c9818459d169231d03c56e84daf90b7c",
                "sha256:e0d072ae0f2a179c375f67e3da300b47e1a83293c554450b29c900e50afaae87",
                "sha256:f07acae137b71af3bb548bd8da720956a3bc9f9a0b87733e0899226a2317aeb7",
                "sha256:fbb77a75e529021e7c4a8d4e823d88ef4d23674a202be4f5addffc72cbb91430",
                "sha256:fcfbb44c59af3f8ea984de67ec7c306f618a3ec771c2843804069917a8f2e255",
                "sha256:feed85993dbdb1dbc29102f50bca65bdc68f2c0c8d352468c25b54874f23c39d"
            ],
            "markers": "python_version >= '3.5'",
            "version": "==4.7.6"
        },
        "sanic": {
            "hashes": [
                "sha256:68bda432c1932cf400e01725b915684248d6c7146694e7118c17548d02b74f23",
                "sha256:ce434eb154872ca64493a6c3a288f11fd10bca0de7be7bf9f1d0d063185e51ec"
            ],
            "version": "==19.3.1"
        },
        "typing-extensions": {
            "hashes": [
                "sha256:49f75d16ff11f1cd258e1b988ccff82a3ca5570217d7ad8c5f48205dd99a677e",
                "sha256:d8226d10bc02a29bcc81df19a26e56a9647f8b0a6d4a83924139f4a8b01f17b7",
                "sha256:f1d25edafde516b146ecd0613dabcc61409817af4766fbbcfb8d1ad4ec441a34"
            ],
            "markers": "python_version < '3.8'",
            "version": "==3.10.0.2"
        },
        "ujson": {
            "hashes": [
                "sha256:0076de81aadc287f025525969bbc1272703be92933e988e5663a76ec5863628f",
                "sha256:02f5a6acc5aa5b054c32bdccd17064c2cbd07c81b3a49449589a4552888f1961",
                "sha256:0d61ae7a505105a16220a4282dbd552bef76968203e5e4f5edfdbb03d3159e3a",
                "sha256:0db1acd8dbbf120095ce4ab118585219066ea2860332df2385a435c585036cae",
                "sha256:0ebc82847938e417092fd463e593da39a280fd12585b998e435a2a45bb7a33f7",
                "sha256:26e299caa9bfc2e532e16de38de2af48cde48258922cda5efc0dd447d42692fc",
                "sha256:26ebe3ac1e0d18d58e11dbf7cdd0459adcefd5c025ede99be7fceae47bd1bfc6",
                "sha256:32f4340c8d6a34e7fa1f9447919ebd4b6256afef0965868d51ea3cdf0694a8f7",
                "sha256:3697cae44a92c2264cf307d4cdd9ea436faa75a009d35a4097362a6bbf221a1b",
                "sha256:40235c3704ac7f29b24a7a785f856e1c45a567c8cd4b57a025f516733e358972",
                "sha256:42f8def3e44d880774f644b53b4701a46889a9506e3fdc191c314c9e2e9b2a38",
                "sha256:50ddff58727cc4f90ade4c818884c4f0fbeeb1f78f764ab2b2bc89cf1f4db126",
                "sha256:50f413177206373b3568dff28c091b2d8c9145e5e54b0a524d3823293d7a29b8",
                "sha256:535f1e5b336f7a0573da59bd9352e9cc6a93185bf4b1d96fb3379e07b4fc619a",
                "sha256:5a885675252e041e19cb92ff76419251fdd1ab4c2ca9766cb3ecfa6ae07884d2",
                "sha256:5f863b12d27867b733d380a9878fc8c3ad11d3aea8a3650c33e7a8c2a888e1eb",
                "sha256:6182898d7031d083017f9be47c6d57f9c2155d9f4391b77ed6c020cab8e5a471",
                "sha256:68088596e237dcda862c1760d1feb2236a8cc36804507a9fcfaa3ed21442ff64",
                "sha256:6bccfff9910fbe3dae6a17ec080c48fca0bfe939b18e4b2622122109d4d2570d",
                "sha256:6e8c30186eaa4f982b9b56cad30b173b71aac9d6a393d97cbcbc4ca805e87943",
                "sha256:74961587e9c1682d3e04fe29e02b67ec9c88cb0c3406ad94cc617d04c6fa6db2",
                "sha256:78f8da27231b20d589319f743bd65011862691c102922be85c9f27e40656a0f7",
                "sha256:8ec19982b7a40fb526b8ffd6edfff2c5c10556a54416d554c4bc83b1e4140a4c",
                "sha256:944dfdfae0cb4e4274a23e5070be913f7ff8f05666d8d143f2356cf873f9a77a",
                "sha256:99322e08e53580867c9909637747343354b7028a8208dc5df3d09233c8f52c30",
                "sha256:a6e27ff0f92c719de004b806d84f471fff0157679e57517092b8f89345eb3a79",
                "sha256:ab70a29914fc202f7c8f6353bb0622b91f878e2892e57a4c7293b341d5a85133",
                "sha256:adca402a97b8388c378d92c55b2bf4e8402baa5dfa059a85870a41e2f142a0d0",
                "sha256:b55dde52028f3c426197b9a928618fbb2b548172eb45824ddb19cdcdf8e493f9",
                "sha256:bac42d0131740b6f1d2b6a15f770c1fef0db97d05aba8564f3c75bb59a9c91c7",
                "sha256:bc9e2e6933ecec17a7d351116f555caee84b798076a4c5276ab1e8654c83bd90",
                "sha256:bff484c162bd77877bc9ae6333b0a684493037ce3c5d8b664e8339becf9ad139",
                "sha256:c53653a12f6ce67b12e7806c190cce1db09c75de31212a5a9adbdbd7a2aba116",
                "sha256:c7b2643b063f33e5e0d539cf2811793a7df9da525e63483f70c9262a343bd59d",
                "sha256:c9723a5e2743ded9bc6106cb04f86244dd779ad847d8ac189cfe808ab16946c1",
                "sha256:cf272e6302c62a42ed0125efcc1d891dd909bcfb3c6aa075d89de209b2b8e930",
                "sha256:d0abc1526d32ebe2f2b6fefcf82b9ee8661da3f45ecac087beee6aeaa21b39ec",
                "sha256:d9a0252da73d8b69de60811252cbfde215d76ee6eea935a519e223353352026c",
                "sha256:dd98d659365fb9271d9f9ba21160670ddfecb93deaec8a5350519a0ab3604654",
                "sha256:e7c8cffd9e45248569fa576d19b043951a3edc67cbee3dca2a6b77e6998cb1ec",
                "sha256:fa68b25c987b73fb1c83ece34e52856c2c6da3031384f72638696c56fa8baca9",
                "sha256:fae1e251d9f9362ebc4adbbb252d0f4a023f66f180390624826fcb1812b808e9",
                "sha256:ff0ae4b1dc70c3362b04f4127e228b17e84946de611f85b32f565b990762deaf",
                "sha256:fffe509f556861c7343c6cba57ed05fe7bcf4b48a934a5b946ccb45428cf8883"
            ],
            "markers": "sys_platform != 'win32' and implementation_name == 'cpython'",
            "version": "==4.2.0"
        },
        "uvloop": {
            "hashes": [
                "sha256:08b109f0213af392150e2fe6f81d33261bb5ce968a288eb698aad4f46eb711bd",
                "sha256:123ac9c0c7dd71464f58f1b4ee0bbd81285d96cdda8bc3519281b8973e3a461e",
                "sha256:4315d2ec3ca393dd5bc0b0089d23101276778c304d42faff5dc4579cb6caef09",
                "sha256:4544dcf77d74f3a84f03dd6278174575c44c67d7165d4c42c71db3fdc3860726",
                "sha256:afd5513c0ae414ec71d24f6f123614a80f3d27ca655a4fcf6cabe50994cc1891",
                "sha256:b4f591aa4b3fa7f32fb51e2ee9fea1b495eb75b0b3c8d0ca52514ad675ae63f7",
                "sha256:bcac356d62edd330080aed082e78d4b580ff260a677508718f88016333e2c9c5",
                "sha256:e7514d7a48c063226b7d06617cbb12a14278d4323a065a8d46a7962686ce2e95",
                "sha256:f07909cd9fc08c52d294b1570bba92186181ca01fe3dc9ffba68955273dd7362"
            ],
            "markers": "sys_platform != 'win32' and implementation_name == 'cpython'",
            "version": "==0.14.0"
        },
        "websockets": {
            "hashes": [
                "sha256:0e2f7d6567838369af074f0ef4d0b802d19fa1fee135d864acc656ceefa33136",
                "sha256:2a16dac282b2fdae75178d0ed3d5b9bc3258dabfae50196cbb30578d84b6f6a6",
                "sha256:5a1fa6072405648cb5b3688e9ed3b94be683ce4a4e5723e6f5d34859dee495c1",
                "sha256:5c1f55a1274df9d6a37553fef8cff2958515438c58920897675c9bc70f5a0538",
                "sha256:669d1e46f165e0ad152ed8197f7edead22854a6c90419f544e0f234cc9dac6c4",
                "sha256:695e34c4dbea18d09ab2c258994a8bf6a09564e762655408241f6a14592d2908",
                "sha256:6b2e03d69afa8d20253455e67b64de1a82ff8612db105113cccec35d3f8429f0",
                "sha256:79ca7cdda7ad4e3663ea3c43bfa8637fc5d5604c7737f19a8964781abbd1148d",
                "sha256:7fd2dd9a856f72e6ed06f82facfce01d119b88457cd4b47b7ae501e8e11eba9c",
                "sha256:82c0354ac39379d836719a77ee360ef865377aa6fdead87909d50248d0f05f4d",
                "sha256:8f3b956d11c5b301206382726210dc1d3bee1a9ccf7aadf895aaf31f71c3716c",
                "sha256:91ec98640220ae05b34b79ee88abf27f97ef7c61cf525eec57ea8fcea9f7dddb",
                "sha256:952be9540d83dba815569d5cb5f31708801e0bbfc3a8c5aef1890b57ed7e58bf",
                "sha256:99ac266af38ba1b1fe13975aea01ac0e14bb5f3a3200d2c69f05385768b8568e",
                "sha256:9fa122e7adb24232247f8a89f2d9070bf64b7869daf93ac5e19546b409e47e96",
                "sha256:a0873eadc4b8ca93e2e848d490809e0123eea154aa44ecd0109c4d0171869584",
                "sha256:cb998bd4d93af46b8b49ecf5a72c0a98e5cc6d57fdca6527ba78ad89d6606484",
                "sha256:e02e57346f6a68523e3c43bbdf35dde5c440318d1f827208ae455f6a2ace446d",
                "sha256:e79a5a896bcee7fff24a788d72e5c69f13e61369d055f28113e71945a7eb1559",
                "sha256:ee55eb6bcf23ecc975e6b47c127c201b913598f38b6a300075f84eeef2d3baff",
                "sha256:f1414e6cbcea8d22843e7eafdfdfae3dd1aba41d1945f6ca66e4806c07c4f454"
            ],
            "markers": "python_version >= '3.4'",
            "version": "==6.0"
        },
        "yarl": {
            "hashes": [
                "sha256:053e09817eafb892e94e172d05406c1b3a22a93bc68f6eff5198363a3d764459",
                "sha256:08c2044a956f4ef30405f2f433ce77f1f57c2c773bf81ae43201917831044d5a",
                "sha256:15ec41a5a5fdb7bace6d7b16701f9440007a82734f69127c0fbf6d87e10f4a1e",
                "sha256:1beef4734ca1ad40a9d8c6b20a76ab46e3a2ed09f38561f01e4aa2ea82cafcef",
                "sha256:1d3b8449dfedfe94eaff2b77954258b09b24949f6818dfa444b05dbb05ae1b7e",
                "sha256:22b2430c49713bfb2f0a0dd4a8d7aab218b28476ba86fd1c78ad8899462cbcf2",
                "sha256:263c81b94e6431942b27f6f671fa62f430a0a5c14bb255f2ab69eeb9b2b66ff7",
                "sha256:2e48f27936aa838939c798f466c851ba4ae79e347e8dfce43b009c64b930df12",
                "sha256:2e7ad9db939082f5d0b9269cfd92c025cb8f2fbbb1f1b9dc5a393c639db5bd92",
                "sha256:36ec44f15193f6d5288d42ebb8e751b967ebdfb72d6830983838d45ab18edb4f",
                "sha256:376e41775aab79c5575534924a386c8e0f1a5d91db69fc6133fd27a489bcaf10",
                "sha256:38173b8c3a29945e7ecade9a3f6ff39581eee8201338ee6a2c8882db5df3e806",
                "sha256:3a31e4a8dcb1beaf167b7e7af61b88cb961b220db8d3ba1c839723630e57eef7",
                "sha256:3ad51e17cd65ea3debb0e10f0120cf8dd987c741fe423ed2285087368090b33d",
                "sha256:3d461b7a8e139b9e4b41f62eb417ffa0b98d1c46d4caf14c845e6a3b349c0bb1",
                "sha256:3def6e681cc02397e5d8141ee97b41d02932b2bcf0fb34532ad62855eab7c60e",
                "sha256:46a742ed9e363bd01be64160ce7520e92e11989bd4cb224403cfd31c101cc83d",
                "sha256:484d61c047c45670ef5967653a1d0783e232c54bf9dd786a7737036828fa8d54",
                "sha256:50127634f519b2956005891507e3aa4ac345f66a7ea7bbc2d7dcba7401f41898",
                "sha256:59c0f13f9592820c51280d1cf811294d753e4a18baf90f0139d1dc93d4b6fc5f",
                "sha256:622a36fa779efb4ff9eff5fe52730ff17521431379851a31e040958fc251670c",
                "sha256:64773840952de17851a1c7346ad7f71688c77e74248d1f0bc230e96680f84028",
                "sha256:69945d13e1bbf81784a9bc48824feb9cd66491e6a503d4e83f6cd7c7cc861361",
                "sha256:7c8d0bb76eabc5299db203e952ec55f8f4c53f08e0df4285aac8c92bd9e12675",
                "sha256:7e37786ea89a5d3ffbbf318ea9790926f8dfda83858544f128553c347ad143c6",
                "sha256:7f7655ad83d1a8afa48435a449bf2f3009293da1604f5dd95b5ddcf5f673bd69",
                "sha256:81cfacdd1e40bc931b5519499342efa388d24d262c30a3d31187bfa04f4a7001",
                "sha256:821b978f2152be7695d4331ef0621d207aedf9bbd591ba23a63412a3efc29a01",
                "sha256:82ff6f85f67500a4f74885d81659cd270eb24dfe692fe44e622b8a2fd57e7279",
                "sha256:87721b549505a546eb003252185103b5ec8147de6d3ad3714d148a5a67b6fe53",
                "sha256:8a8b10d0e7bac154f959b709fcea593cda527b234119311eb950096653816a86",
                "sha256:8b8c409aa3a7966647e7c1c524846b362a6bcbbe120bf8a176431f940d2b9a2e",
                "sha256:8ba402f32184f0b405fb281b93bd0d8ab7e3257735b57b62a6ed2e94cdf4fe50",
                "sha256:8e3ffab21db0542ffd1887f3b9575ddd58961f2cf61429cb6458afc00c4581e0",
                "sha256:8e7ebaf62e19c2feb097ffb7c94deb0f0c9fab52590784c8cd679d30ab009162",
                "sha256:8ee78c9a5f3c642219d4607680a4693b59239c27a3aa608b64ef79ddc9698039",
                "sha256:91cbe24300c11835ef186436363352b3257db7af165e0a767f4f17aa25761388",
                "sha256:9624154ec9c02a776802da1086eed7f5034bd1971977f5146233869c2ac80297",
                "sha256:98c51f02d542945d306c8e934aa2c1e66ba5e9c1c86b5bf37f3a51c8a747067e",
                "sha256:98c9ddb92b60a83c21be42c776d3d9d5ec632a762a094c41bda37b7dfbd2cd83",
                "sha256:a06d9d0b9a97fa99b84fee71d9dd11e69e21ac8a27229089f07b5e5e50e8d63c",
                "sha256:a1fa866fa24d9f4108f9e58ea8a2135655419885cdb443e36b39a346e1181532",
                "sha256:a3455c2456d6307bcfa80bc1157b8603f7d93573291f5bdc7144489ca0df4628",
                "sha256:a532d75ca74431c053a88a802e161fb3d651b8bf5821a3440bc3616e38754583",
                "sha256:a7dfc46add4cfe5578013dbc4127893edc69fe19132d2836ff2f6e49edc5ecd6",
                "sha256:a7f08819dba1e1255d6991ed37448a1bf4b1352c004bcd899b9da0c47958513d",
                "sha256:aa9f0d9b62d15182341b3e9816582f46182cab91c1a57b2d308b9a3c4e2c4f78",
                "sha256:acbf1756d9dc7cd0ae943d883be72e84e04396f6c2ff93a6ddeca929d562039f",
                "sha256:b22ea41c7e98170474a01e3eded1377d46b2dfaef45888a0005c683eaaa49285",
                "sha256:b28cfb46140efe1a6092b8c5c4994a1fe70dc83c38fbcea4992401e0c6fb9cce",
                "sha256:b36f5a63c891f813c6f04ef19675b382efc190fd5ce7e10ab19386d2548bca06",
                "sha256:b64bd24c8c9a487f4a12260dc26732bf41028816dbf0c458f17864fbebdb3131",
                "sha256:b7de92a4af85cfcaf4081f8aa6165b1d63ee5de150af3ee85f954145f93105a7",
                "sha256:bb3e478175e15e00d659fb0354a6a8db71a7811a2a5052aed98048bc972e5d2b",
                "sha256:be52bc5208d767cdd8308a9e93059b3b36d1e048fecbea0e0346d0d24a76adc0",
                "sha256:c18a4b286e8d780c3a40c31d7b79836aa93b720f71d5743f20c08b7e049ca073",
                "sha256:c63c1e208f800daad71715786bfeb1cecdc595d87e2e9b1cd234fd6e597fd71d",
                "sha256:c7015dcedb91d90a138eebdc7e432aec8966e0147ab2a55f2df27b1904fa7291",
                "sha256:cb4ff1ac7cb4500f43581b3f4cbd627d702143aa6be1fdc1fa3ebffaf4dc1be5",
                "sha256:d30d67e3486aea61bb2cbf7cf81385364c2e4f7ce7469a76ed72af76a5cdfe6b",
                "sha256:d54c925396e7891666cabc0199366ca55b27d003393465acef63fd29b8b7aa92",
                "sha256:d579957439933d752358c6a300c93110f84aae67b63dd0c19dde6ecbf4056f6b",
                "sha256:d750503682605088a14d29a4701548c15c510da4f13c8b17409c4097d5b04c52",
                "sha256:db2372e350794ce8b9f810feb094c606b7e0e4aa6807141ac4fadfe5ddd75bb0",
                "sha256:e35d8230e4b08d86ea65c32450533b906a8267a87b873f2954adeaecede85169",
                "sha256:e510dbec7c59d32eaa61ffa48173d5e3d7170a67f4a03e8f5e2e9e3971aca622",
                "sha256:e78c91faefe88d601ddd16e3882918dbde20577a2438e2320f8239c8b7507b8f",
                "sha256:eb4b3f277880c314e47720b4b6bb2c85114ab3c04c5442c9bc7006b3787904d8",
                "sha256:ec1b5a25a25c880c976d0bb3d107def085bb08dbb3db7f4442e0a2b980359d24",
                "sha256:f3cd2158b2ed0fb25c6811adfdcc47224efe075f2d68a750071dacc03a7a66e4",
                "sha256:f46cd4c43e6175030e2a56def8f1d83b64e6706eeb2bb9ab0ef4756f65eab23f",
                "sha256:fdd1b90c225a653b1bd1c0cae8edf1957892b9a09c8bf7ee6321eeb8208eac0f"
            ],
            "markers": "python_version >= '3.6'",
            "version": "==1.7.0"
        }
    },
    "develop": {
        "alabaster": {
            "hashes": [
                "sha256:446438bdcca0e05bd45ea2de1668c1d9b032e1a9154c2c259092d77031ddd359",
                "sha256:a661d72d58e6ea8a57f7a86e37d86716863ee5e92788398526d58b26a4e4dc02"
            ],
            "version": "==0.7.12"
        },
        "appdirs": {
            "hashes": [
                "sha256:7d5d0167b2b1ba821647616af46a749d1c653740dd0d2415100fe26e27afdf41",
                "sha256:a841dacd6b99318a741b166adb07e19ee71a274450e68237b4650ca1055ab128"
            ],
            "version": "==1.4.4"
        },
        "atomicwrites": {
            "hashes": [
                "sha256:6d1784dea7c0c8d4a5172b6c620f40b6e4cbfdf96d783691f2e1302a7b88e197",
                "sha256:ae70396ad1a434f9c7046fd2dd196fc04b12f9e91ffb859164193be8b6168a7a"
            ],
            "markers": "python_version >= '2.7' and python_version not in '3.0, 3.1, 3.2, 3.3'",
            "version": "==1.4.0"
        },
        "attrs": {
            "hashes": [
                "sha256:149e90d6d8ac20db7a955ad60cf0e6881a3f20d37096140088356da6c716b0b1",
                "sha256:ef6aaac3ca6cd92904cdd0d83f629a15f18053ec84e6432106f7a4d04ae4f5fb"
            ],
            "markers": "python_version >= '2.7' and python_version not in '3.0, 3.1, 3.2, 3.3, 3.4'",
            "version": "==21.2.0"
        },
        "babel": {
            "hashes": [
                "sha256:ab49e12b91d937cd11f0b67cb259a57ab4ad2b59ac7a3b41d6c06c0ac5b0def9",
                "sha256:bc0c176f9f6a994582230df350aa6e05ba2ebe4b3ac317eab29d9be5d2768da0"
            ],
            "version": "==2.9.1"
        },
        "black": {
            "hashes": [
                "sha256:3efe92eafbde15f8ac06478de11cfb84e47504896ccdde64507e751d2f91ec3a",
                "sha256:fc26c4ab28c541fb824f59fa83d5702f75829495d5a1dee603b29bc4fbe79095"
            ],
            "version": "==18.6b2"
        },
        "certifi": {
            "hashes": [
                "sha256:78884e7c1d4b00ce3cea67b44566851c4343c120abd683433ce934a68ea58872",
                "sha256:d62a0163eb4c2344ac042ab2bdf75399a71a2d8c7d47eac2e2ee91b9d6339569"
            ],
            "version": "==2021.10.8"
        },
        "charset-normalizer": {
            "hashes": [
                "sha256:e019de665e2bcf9c2b64e2e5aa025fa991da8720daa3c1138cadd2fd1856aed0",
                "sha256:f7af805c321bfa1ce6714c51f254e0d5bb5e5834039bc17db7ebe3a4cec9492b"
            ],
            "markers": "python_version >= '3'",
            "version": "==2.0.7"
        },
        "click": {
            "hashes": [
                "sha256:353f466495adaeb40b6b5f592f9f91cb22372351c84caeb068132442a4518ef3",
                "sha256:410e932b050f5eed773c4cda94de75971c89cdb3155a72a0831139a79e5ecb5b"
            ],
            "markers": "python_version >= '3.6'",
            "version": "==8.0.3"
        },
        "coverage": {
            "hashes": [
                "sha256:04560539c19ec26995ecfb3d9307ff154fbb9a172cb57e3b3cfc4ced673103d1",
                "sha256:1549e1d08ce38259de2bc3e9a0d5f3642ff4a8f500ffc1b2df73fd621a6cdfc0",
                "sha256:1db67c497688fd4ba85b373b37cc52c50d437fd7267520ecd77bddbd89ea22c9",
                "sha256:30922626ce6f7a5a30bdba984ad21021529d3d05a68b4f71ea3b16bda35b8895",
                "sha256:36e9040a43d2017f2787b28d365a4bb33fcd792c7ff46a047a04094dc0e2a30d",
                "sha256:381d773d896cc7f8ba4ff3b92dee4ed740fb88dfe33b6e42efc5e8ab6dfa1cfe",
                "sha256:3bbda1b550e70fa6ac40533d3f23acd4f4e9cb4e6e77251ce77fdf41b3309fb2",
                "sha256:3be1206dc09fb6298de3fce70593e27436862331a85daee36270b6d0e1c251c4",
                "sha256:424c44f65e8be58b54e2b0bd1515e434b940679624b1b72726147cfc6a9fc7ce",
                "sha256:4b34ae4f51bbfa5f96b758b55a163d502be3dcb24f505d0227858c2b3f94f5b9",
                "sha256:4e28d2a195c533b58fc94a12826f4431726d8eb029ac21d874345f943530c122",
                "sha256:53a294dc53cfb39c74758edaa6305193fb4258a30b1f6af24b360a6c8bd0ffa7",
                "sha256:60e51a3dd55540bec686d7fff61b05048ca31e804c1f32cbb44533e6372d9cc3",
                "sha256:61b598cbdbaae22d9e34e3f675997194342f866bb1d781da5d0be54783dce1ff",
                "sha256:6807947a09510dc31fa86f43595bf3a14017cd60bf633cc746d52141bfa6b149",
                "sha256:6a6a9409223a27d5ef3cca57dd7cd4dfcb64aadf2fad5c3b787830ac9223e01a",
                "sha256:7092eab374346121805fb637572483270324407bf150c30a3b161fc0c4ca5164",
                "sha256:77b1da5767ed2f44611bc9bc019bc93c03fa495728ec389759b6e9e5039ac6b1",
                "sha256:8251b37be1f2cd9c0e5ccd9ae0380909c24d2a5ed2162a41fcdbafaf59a85ebd",
                "sha256:9f1627e162e3864a596486774876415a7410021f4b67fd2d9efdf93ade681afc",
                "sha256:a1b73c7c4d2a42b9d37dd43199c5711d91424ff3c6c22681bc132db4a4afec6f",
                "sha256:a82d79586a0a4f5fd1cf153e647464ced402938fbccb3ffc358c7babd4da1dd9",
                "sha256:abbff240f77347d17306d3201e14431519bf64495648ca5a49571f988f88dee9",
                "sha256:ad9b8c1206ae41d46ec7380b78ba735ebb77758a650643e841dd3894966c31d0",
                "sha256:bbffde2a68398682623d9dd8c0ca3f46fda074709b26fcf08ae7a4c431a6ab2d",
                "sha256:bcae10fccb27ca2a5f456bf64d84110a5a74144be3136a5e598f9d9fb48c0caa",
                "sha256:c9cd3828bbe1a40070c11fe16a51df733fd2f0cb0d745fb83b7b5c1f05967df7",
                "sha256:cd1cf1deb3d5544bd942356364a2fdc8959bad2b6cf6eb17f47d301ea34ae822",
                "sha256:d036dc1ed8e1388e995833c62325df3f996675779541f682677efc6af71e96cc",
                "sha256:db42baa892cba723326284490283a68d4de516bfb5aaba369b4e3b2787a778b7",
                "sha256:e4fb7ced4d9dec77d6cf533acfbf8e1415fe799430366affb18d69ee8a3c6330",
                "sha256:e7a0b42db2a47ecb488cde14e0f6c7679a2c5a9f44814393b162ff6397fcdfbb",
                "sha256:f2f184bf38e74f152eed7f87e345b51f3ab0b703842f447c22efe35e59942c24"
            ],
            "markers": "python_version >= '3.6'",
            "version": "==6.0.2"
        },
        "docutils": {
            "hashes": [
                "sha256:686577d2e4c32380bb50cbb22f575ed742d58168cee37e99117a854bcd88f125",
                "sha256:cf316c8370a737a022b72b56874f6602acf974a37a9fba42ec2876387549fc61"
            ],
            "markers": "python_version >= '2.7' and python_version not in '3.0, 3.1, 3.2, 3.3, 3.4'",
            "version": "==0.17.1"
        },
        "idna": {
            "hashes": [
                "sha256:84d9dd047ffa80596e0f246e2eab0b391788b0503584e8945f2368256d2735ff",
                "sha256:9d643ff0a55b762d5cdb124b8eaa99c66322e2157b69160bc32796e824360e6d"
            ],
            "markers": "python_version >= '3.5'",
            "version": "==3.3"
        },
        "imagesize": {
            "hashes": [
                "sha256:6965f19a6a2039c7d48bca7dba2473069ff854c36ae6f19d2cde309d998228a1",
                "sha256:b1f6b5a4eab1f73479a50fb79fcf729514a900c341d8503d62a62dbc4127a2b1"
            ],
            "markers": "python_version >= '2.7' and python_version not in '3.0, 3.1, 3.2, 3.3'",
            "version": "==1.2.0"
        },
        "importlib-metadata": {
            "hashes": [
                "sha256:b618b6d2d5ffa2f16add5697cf57a46c76a56229b0ed1c438322e4e95645bd15",
                "sha256:f284b3e11256ad1e5d03ab86bb2ccd6f5339688ff17a4d797a0fe7df326f23b1"
            ],
            "markers": "python_version < '3.8'",
            "version": "==4.8.1"
        },
        "jinja2": {
            "hashes": [
                "sha256:827a0e32839ab1600d4eb1c4c33ec5a8edfbc5cb42dafa13b81f182f97784b45",
                "sha256:8569982d3f0889eed11dd620c706d39b60c36d6d25843961f33f77fb6bc6b20c"
            ],
            "markers": "python_version >= '3.6'",
            "version": "==3.0.2"
        },
        "markupsafe": {
            "hashes": [
                "sha256:01a9b8ea66f1658938f65b93a85ebe8bc016e6769611be228d797c9d998dd298",
                "sha256:023cb26ec21ece8dc3907c0e8320058b2e0cb3c55cf9564da612bc325bed5e64",
                "sha256:0446679737af14f45767963a1a9ef7620189912317d095f2d9ffa183a4d25d2b",
                "sha256:0717a7390a68be14b8c793ba258e075c6f4ca819f15edfc2a3a027c823718567",
                "sha256:0955295dd5eec6cb6cc2fe1698f4c6d84af2e92de33fbcac4111913cd100a6ff",
                "sha256:0d4b31cc67ab36e3392bbf3862cfbadac3db12bdd8b02a2731f509ed5b829724",
                "sha256:10f82115e21dc0dfec9ab5c0223652f7197feb168c940f3ef61563fc2d6beb74",
                "sha256:168cd0a3642de83558a5153c8bd34f175a9a6e7f6dc6384b9655d2697312a646",
                "sha256:1d609f577dc6e1aa17d746f8bd3c31aa4d258f4070d61b2aa5c4166c1539de35",
                "sha256:1f2ade76b9903f39aa442b4aadd2177decb66525062db244b35d71d0ee8599b6",
                "sha256:2a7d351cbd8cfeb19ca00de495e224dea7e7d919659c2841bbb7f420ad03e2d6",
                "sha256:2d7d807855b419fc2ed3e631034685db6079889a1f01d5d9dac950f764da3dad",
                "sha256:2ef54abee730b502252bcdf31b10dacb0a416229b72c18b19e24a4509f273d26",
                "sha256:36bc903cbb393720fad60fc28c10de6acf10dc6cc883f3e24ee4012371399a38",
                "sha256:37205cac2a79194e3750b0af2a5720d95f786a55ce7df90c3af697bfa100eaac",
                "sha256:3c112550557578c26af18a1ccc9e090bfe03832ae994343cfdacd287db6a6ae7",
                "sha256:3dd007d54ee88b46be476e293f48c85048603f5f516008bee124ddd891398ed6",
                "sha256:47ab1e7b91c098ab893b828deafa1203de86d0bc6ab587b160f78fe6c4011f75",
                "sha256:49e3ceeabbfb9d66c3aef5af3a60cc43b85c33df25ce03d0031a608b0a8b2e3f",
                "sha256:4efca8f86c54b22348a5467704e3fec767b2db12fc39c6d963168ab1d3fc9135",
                "sha256:53edb4da6925ad13c07b6d26c2a852bd81e364f95301c66e930ab2aef5b5ddd8",
                "sha256:5855f8438a7d1d458206a2466bf82b0f104a3724bf96a1c781ab731e4201731a",
                "sha256:594c67807fb16238b30c44bdf74f36c02cdf22d1c8cda91ef8a0ed8dabf5620a",
                "sha256:5bb28c636d87e840583ee3adeb78172efc47c8b26127267f54a9c0ec251d41a9",
                "sha256:60bf42e36abfaf9aff1f50f52644b336d4f0a3fd6d8a60ca0d054ac9f713a864",
                "sha256:611d1ad9a4288cf3e3c16014564df047fe08410e628f89805e475368bd304914",
                "sha256:6557b31b5e2c9ddf0de32a691f2312a32f77cd7681d8af66c2692efdbef84c18",
                "sha256:693ce3f9e70a6cf7d2fb9e6c9d8b204b6b39897a2c4a1aa65728d5ac97dcc1d8",
                "sha256:6a7fae0dd14cf60ad5ff42baa2e95727c3d81ded453457771d02b7d2b3f9c0c2",
                "sha256:6c4ca60fa24e85fe25b912b01e62cb969d69a23a5d5867682dd3e80b5b02581d",
                "sha256:6fcf051089389abe060c9cd7caa212c707e58153afa2c649f00346ce6d260f1b",
                "sha256:7d91275b0245b1da4d4cfa07e0faedd5b0812efc15b702576d103293e252af1b",
                "sha256:905fec760bd2fa1388bb5b489ee8ee5f7291d692638ea5f67982d968366bef9f",
                "sha256:97383d78eb34da7e1fa37dd273c20ad4320929af65d156e35a5e2d89566d9dfb",
                "sha256:984d76483eb32f1bcb536dc27e4ad56bba4baa70be32fa87152832cdd9db0833",
                "sha256:99df47edb6bda1249d3e80fdabb1dab8c08ef3975f69aed437cb69d0a5de1e28",
                "sha256:a30e67a65b53ea0a5e62fe23682cfe22712e01f453b95233b25502f7c61cb415",
                "sha256:ab3ef638ace319fa26553db0624c4699e31a28bb2a835c5faca8f8acf6a5a902",
                "sha256:add36cb2dbb8b736611303cd3bfcee00afd96471b09cda130da3581cbdc56a6d",
                "sha256:b2f4bf27480f5e5e8ce285a8c8fd176c0b03e93dcc6646477d4630e83440c6a9",
                "sha256:b7f2d075102dc8c794cbde1947378051c4e5180d52d276987b8d28a3bd58c17d",
                "sha256:baa1a4e8f868845af802979fcdbf0bb11f94f1cb7ced4c4b8a351bb60d108145",
                "sha256:be98f628055368795d818ebf93da628541e10b75b41c559fdf36d104c5787066",
                "sha256:bf5d821ffabf0ef3533c39c518f3357b171a1651c1ff6827325e4489b0e46c3c",
                "sha256:c47adbc92fc1bb2b3274c4b3a43ae0e4573d9fbff4f54cd484555edbf030baf1",
                "sha256:d7f9850398e85aba693bb640262d3611788b1f29a79f0c93c565694658f4071f",
                "sha256:d8446c54dc28c01e5a2dbac5a25f071f6653e6e40f3a8818e8b45d790fe6ef53",
                "sha256:e0f138900af21926a02425cf736db95be9f4af72ba1bb21453432a07f6082134",
                "sha256:e9936f0b261d4df76ad22f8fee3ae83b60d7c3e871292cd42f40b81b70afae85",
                "sha256:f5653a225f31e113b152e56f154ccbe59eeb1c7487b39b9d9f9cdb58e6c79dc5",
                "sha256:f826e31d18b516f653fe296d967d700fddad5901ae07c622bb3705955e1faa94",
                "sha256:f8ba0e8349a38d3001fae7eadded3f6606f0da5d748ee53cc1dab1d6527b9509",
                "sha256:f9081981fe268bd86831e5c75f7de206ef275defcb82bc70740ae6dc507aee51",
                "sha256:fa130dd50c57d53368c9d59395cb5526eda596d3ffe36666cd81a44d56e48872"
            ],
            "markers": "python_version >= '3.6'",
            "version": "==2.0.1"
        },
        "more-itertools": {
            "hashes": [
                "sha256:1debcabeb1df793814859d64a81ad7cb10504c24349368ccf214c664c474f41f",
                "sha256:56ddac45541718ba332db05f464bebfb0768110111affd27f66e0051f276fa43"
            ],
            "markers": "python_version > '2.7'",
            "version": "==8.10.0"
        },
        "packaging": {
            "hashes": [
                "sha256:7dc96269f53a4ccec5c0670940a4281106dd0bb343f47b7471f779df49c2fbe7",
                "sha256:c86254f9220d55e31cc94d69bade760f0847da8000def4dfe1c6b872fd14ff14"
            ],
            "markers": "python_version >= '3.6'",
            "version": "==21.0"
        },
        "pluggy": {
            "hashes": [
                "sha256:4224373bacce55f955a878bf9cfa763c1e360858e330072059e10bad68531159",
                "sha256:74134bbf457f031a36d68416e1509f34bd5ccc019f0bcc952c7b909d06b37bd3"
            ],
            "markers": "python_version >= '3.6'",
            "version": "==1.0.0"
        },
        "py": {
            "hashes": [
                "sha256:21b81bda15b66ef5e1a777a21c4dcd9c20ad3efd0b3f817e7a809035269e1bd3",
                "sha256:3b80836aa6d1feeaa108e046da6423ab8f6ceda6468545ae8d02d9d58d18818a"
            ],
            "markers": "python_version >= '2.7' and python_version not in '3.0, 3.1, 3.2, 3.3'",
            "version": "==1.10.0"
        },
        "pygments": {
            "hashes": [
                "sha256:b8e67fe6af78f492b3c4b3e2970c0624cbf08beb1e493b2c99b9fa1b67a20380",
                "sha256:f398865f7eb6874156579fdf36bc840a03cab64d1cde9e93d68f46a425ec52c6"
            ],
            "markers": "python_version >= '3.5'",
            "version": "==2.10.0"
        },
        "pyparsing": {
            "hashes": [
                "sha256:c203ec8783bf771a155b207279b9bccb8dea02d8f0c9e5f8ead507bc3246ecc1",
                "sha256:ef9d7589ef3c200abe66653d3f1ab1033c3c419ae9b9bdb1240a85b024efc88b"
            ],
            "markers": "python_version >= '2.6' and python_version not in '3.0, 3.1, 3.2, 3.3'",
            "version": "==2.4.7"
        },
        "pytest": {
            "hashes": [
                "sha256:13c5e9fb5ec5179995e9357111ab089af350d788cbc944c628f3cde72285809b",
                "sha256:f21d2f1fb8200830dcbb5d8ec466a9c9120e20d8b53c7585d180125cce1d297a"
            ],
            "version": "==4.4.0"
        },
        "pytest-cov": {
            "hashes": [
                "sha256:0ab664b25c6aa9716cbf203b17ddb301932383046082c081b9848a0edf5add33",
                "sha256:230ef817450ab0699c6cc3c9c8f7a829c34674456f2ed8df1fe1d39780f7c87f"
            ],
            "version": "==2.6.1"
        },
        "pytz": {
            "hashes": [
                "sha256:3672058bc3453457b622aab7a1c3bfd5ab0bdae451512f6cf25f64ed37f5b87c",
                "sha256:acad2d8b20a1af07d4e4c9d2e9285c5ed9104354062f275f3fcd88dcef4f1326"
            ],
            "version": "==2021.3"
        },
        "requests": {
            "hashes": [
                "sha256:6c1246513ecd5ecd4528a0906f910e8f0f9c6b8ec72030dc9fd154dc1a6efd24",
                "sha256:b8aa58f8cf793ffd8782d3d8cb19e66ef36f7aba4353eec859e74678b01b07a7"
            ],
            "markers": "python_version >= '2.7' and python_version not in '3.0, 3.1, 3.2, 3.3, 3.4, 3.5'",
            "version": "==2.26.0"
        },
        "six": {
            "hashes": [
                "sha256:1e61c37477a1626458e36f7b1d82aa5c9b094fa4802892072e49de9c60c4c926",
                "sha256:8abb2f1d86890a2dfb989f9a77cfcfd3e47c2a354b01111771326f8aa26e0254"
            ],
            "markers": "python_version >= '2.7' and python_version not in '3.0, 3.1, 3.2, 3.3'",
            "version": "==1.16.0"
        },
        "snowballstemmer": {
            "hashes": [
                "sha256:b51b447bea85f9968c13b650126a888aabd4cb4463fca868ec596826325dedc2",
                "sha256:e997baa4f2e9139951b6f4c631bad912dfd3c792467e2f03d7239464af90e914"
            ],
            "version": "==2.1.0"
        },
        "sphinx": {
            "hashes": [
                "sha256:423280646fb37944dd3c85c58fb92a20d745793a9f6c511f59da82fa97cd404b",
                "sha256:de930f42600a4fef993587633984cc5027dedba2464bcf00ddace26b40f8d9ce"
            ],
            "version": "==2.0.1"
        },
        "sphinxcontrib-applehelp": {
            "hashes": [
                "sha256:806111e5e962be97c29ec4c1e7fe277bfd19e9652fb1a4392105b43e01af885a",
                "sha256:a072735ec80e7675e3f432fcae8610ecf509c5f1869d17e2eecff44389cdbc58"
            ],
            "markers": "python_version >= '3.5'",
            "version": "==1.0.2"
        },
        "sphinxcontrib-devhelp": {
            "hashes": [
                "sha256:8165223f9a335cc1af7ffe1ed31d2871f325254c0423bc0c4c7cd1c1e4734a2e",
                "sha256:ff7f1afa7b9642e7060379360a67e9c41e8f3121f2ce9164266f61b9f4b338e4"
            ],
            "markers": "python_version >= '3.5'",
            "version": "==1.0.2"
        },
        "sphinxcontrib-htmlhelp": {
            "hashes": [
                "sha256:d412243dfb797ae3ec2b59eca0e52dac12e75a241bf0e4eb861e450d06c6ed07",
                "sha256:f5f8bb2d0d629f398bf47d0d69c07bc13b65f75a81ad9e2f71a63d4b7a2f6db2"
            ],
            "markers": "python_version >= '3.6'",
            "version": "==2.0.0"
        },
        "sphinxcontrib-jsmath": {
            "hashes": [
                "sha256:2ec2eaebfb78f3f2078e73666b1415417a116cc848b72e5172e596c871103178",
                "sha256:a9925e4a4587247ed2191a22df5f6970656cb8ca2bd6284309578f2153e0c4b8"
            ],
            "markers": "python_version >= '3.5'",
            "version": "==1.0.1"
        },
        "sphinxcontrib-qthelp": {
            "hashes": [
                "sha256:4c33767ee058b70dba89a6fc5c1892c0d57a54be67ddd3e7875a18d14cba5a72",
                "sha256:bd9fc24bcb748a8d51fd4ecaade681350aa63009a347a8c14e637895444dfab6"
            ],
            "markers": "python_version >= '3.5'",
            "version": "==1.0.3"
        },
        "sphinxcontrib-serializinghtml": {
            "hashes": [
                "sha256:352a9a00ae864471d3a7ead8d7d79f5fc0b57e8b3f95e9867eb9eb28999b92fd",
                "sha256:aa5f6de5dfdf809ef505c4895e51ef5c9eac17d0f287933eb49ec495280b6952"
            ],
            "markers": "python_version >= '3.5'",
            "version": "==1.1.5"
        },
        "toml": {
            "hashes": [
                "sha256:806143ae5bfb6a3c6e736a764057db0e6a0e05e338b5630894a5f779cabb4f9b",
                "sha256:b3bda1d108d5dd99f4a20d24d9c348e91c4db7ab1b749200bded2f839ccbe68f"
            ],
            "markers": "python_version >= '2.6' and python_version not in '3.0, 3.1, 3.2, 3.3'",
            "version": "==0.10.2"
        },
        "typing-extensions": {
            "hashes": [
                "sha256:49f75d16ff11f1cd258e1b988ccff82a3ca5570217d7ad8c5f48205dd99a677e",
                "sha256:d8226d10bc02a29bcc81df19a26e56a9647f8b0a6d4a83924139f4a8b01f17b7",
                "sha256:f1d25edafde516b146ecd0613dabcc61409817af4766fbbcfb8d1ad4ec441a34"
            ],
            "markers": "python_version < '3.8'",
            "version": "==3.10.0.2"
        },
        "urllib3": {
            "hashes": [
                "sha256:4987c65554f7a2dbf30c18fd48778ef124af6fab771a377103da0585e2336ece",
                "sha256:c4fdf4019605b6e5423637e01bc9fe4daef873709a7973e195ceba0a62bbc844"
            ],
            "markers": "python_version >= '2.7' and python_version not in '3.0, 3.1, 3.2, 3.3, 3.4' and python_version < '4'",
            "version": "==1.26.7"
        },
        "zipp": {
            "hashes": [
                "sha256:71c644c5369f4a6e07636f0aa966270449561fcea2e3d6747b8d23efaa9d7832",
                "sha256:9fe5ea21568a0a70e50f273397638d39b03353731e6cbbb3fd8502a33fec40bc"
            ],
            "markers": "python_version >= '3.6'",
            "version": "==3.6.0"
        }
    }
}
